
Microsoft Visual Studio Solution File, Format Version 12.00
# Visual Studio Version 16
VisualStudioVersion = 16.0.31105.61
MinimumVisualStudioVersion = 10.0.40219.1
Project("{9A19103F-16F7-4668-BE54-9A1E7A4F7556}") = "GRPC1", "GRPC1.csproj", "{DA56BB7C-80C4-4C5B-B25B-54A034830C73}"
EndProject
Global
	GlobalSection(SolutionConfigurationPlatforms) = preSolution
		Debug|Any CPU = Debug|Any CPU
		Release|Any CPU = Release|Any CPU
	EndGlobalSection
	GlobalSection(ProjectConfigurationPlatforms) = postSolution
		{DA56BB7C-80C4-4C5B-B25B-54A034830C73}.Debug|Any CPU.ActiveCfg = Debug|Any CPU
		{DA56BB7C-80C4-4C5B-B25B-54A034830C73}.Debug|Any CPU.Build.0 = Debug|Any CPU
		{DA56BB7C-80C4-4C5B-B25B-54A034830C73}.Release|Any CPU.ActiveCfg = Release|Any CPU
		{DA56BB7C-80C4-4C5B-B25B-54A034830C73}.Release|Any CPU.Build.0 = Release|Any CPU
	EndGlobalSection
	GlobalSection(SolutionProperties) = preSolution
		HideSolutionNode = FALSE
	EndGlobalSection
	GlobalSection(ExtensibilityGlobals) = postSolution
		SolutionGuid = {EE0F82DD-607B-4CF2-BFCA-31C5AB8DA45A}
	EndGlobalSection
EndGlobal
